// !$*UTF8*$!
{
	archiveVersion = 1;
	classes = {
	};
	objectVersion = 46;
	objects = {

/* Begin PBXBuildFile section */
		B671B7B31B8EB4C10045ACE1 /* Foundation.framework in Frameworks */ = {isa = PBXBuildFile; fileRef = B671B7B21B8EB4C10045ACE1 /* Foundation.framework */; };
		B671B7B51B8EB4C10045ACE1 /* CoreGraphics.framework in Frameworks */ = {isa = PBXBuildFile; fileRef = B671B7B41B8EB4C10045ACE1 /* CoreGraphics.framework */; };
		B671B7B71B8EB4C10045ACE1 /* UIKit.framework in Frameworks */ = {isa = PBXBuildFile; fileRef = B671B7B61B8EB4C10045ACE1 /* UIKit.framework */; };
		B671B7BD1B8EB4C10045ACE1 /* InfoPlist.strings in Resources */ = {isa = PBXBuildFile; fileRef = B671B7BB1B8EB4C10045ACE1 /* InfoPlist.strings */; };
		B671B7BF1B8EB4C10045ACE1 /* main.m in Sources */ = {isa = PBXBuildFile; fileRef = B671B7BE1B8EB4C10045ACE1 /* main.m */; };
		B671B7C31B8EB4C10045ACE1 /* BNRAppDelegate.m in Sources */ = {isa = PBXBuildFile; fileRef = B671B7C21B8EB4C10045ACE1 /* BNRAppDelegate.m */; };
		B671B7C51B8EB4C10045ACE1 /* Images.xcassets in Resources */ = {isa = PBXBuildFile; fileRef = B671B7C41B8EB4C10045ACE1 /* Images.xcassets */; };
		B671B7CC1B8EB4C10045ACE1 /* XCTest.framework in Frameworks */ = {isa = PBXBuildFile; fileRef = B671B7CB1B8EB4C10045ACE1 /* XCTest.framework */; };
		B671B7CD1B8EB4C10045ACE1 /* Foundation.framework in Frameworks */ = {isa = PBXBuildFile; fileRef = B671B7B21B8EB4C10045ACE1 /* Foundation.framework */; };
		B671B7CE1B8EB4C10045ACE1 /* UIKit.framework in Frameworks */ = {isa = PBXBuildFile; fileRef = B671B7B61B8EB4C10045ACE1 /* UIKit.framework */; };
		B671B7D61B8EB4C10045ACE1 /* InfoPlist.strings in Resources */ = {isa = PBXBuildFile; fileRef = B671B7D41B8EB4C10045ACE1 /* InfoPlist.strings */; };
		B671B7D81B8EB4C10045ACE1 /* Hypnosister_3Tests.m in Sources */ = {isa = PBXBuildFile; fileRef = B671B7D71B8EB4C10045ACE1 /* Hypnosister_3Tests.m */; };
		B671B7E31B8EB4CF0045ACE1 /* BNRHypnosisView.m in Sources */ = {isa = PBXBuildFile; fileRef = B671B7E21B8EB4CF0045ACE1 /* BNRHypnosisView.m */; };
/* End PBXBuildFile section */

/* Begin PBXContainerItemProxy section */
		B671B7CF1B8EB4C10045ACE1 /* PBXContainerItemProxy */ = {
			isa = PBXContainerItemProxy;
			containerPortal = B671B7A71B8EB4C10045ACE1 /* Project object */;
			proxyType = 1;
			remoteGlobalIDString = B671B7AE1B8EB4C10045ACE1;
			remoteInfo = "Hypnosister 3";
		};
/* End PBXContainerItemProxy section */

/* Begin PBXFileReference section */
		B671B7AF1B8EB4C10045ACE1 /* Hypnosister 3.app */ = {isa = PBXFileReference; explicitFileType = wrapper.application; includeInIndex = 0; path = "Hypnosister 3.app"; sourceTree = BUILT_PRODUCTS_DIR; };
		B671B7B21B8EB4C10045ACE1 /* Foundation.framework */ = {isa = PBXFileReference; lastKnownFileType = wrapper.framework; name = Foundation.framework; path = System/Library/Frameworks/Foundation.framework; sourceTree = SDKROOT; };
		B671B7B41B8EB4C10045ACE1 /* CoreGraphics.framework */ = {isa = PBXFileReference; lastKnownFileType = wrapper.framework; name = CoreGraphics.framework; path = System/Library/Frameworks/CoreGraphics.framework; sourceTree = SDKROOT; };
		B671B7B61B8EB4C10045ACE1 /* UIKit.framework */ = {isa = PBXFileReference; lastKnownFileType = wrapper.framework; name = UIKit.framework; path = System/Library/Frameworks/UIKit.framework; sourceTree = SDKROOT; };
		B671B7BA1B8EB4C10045ACE1 /* Hypnosister 3-Info.plist */ = {isa = PBXFileReference; lastKnownFileType = text.plist.xml; path = "Hypnosister 3-Info.plist"; sourceTree = "<group>"; };
		B671B7BC1B8EB4C10045ACE1 /* en */ = {isa = PBXFileReference; lastKnownFileType = text.plist.strings; name = en; path = en.lproj/InfoPlist.strings; sourceTree = "<group>"; };
		B671B7BE1B8EB4C10045ACE1 /* main.m */ = {isa = PBXFileReference; lastKnownFileType = sourcecode.c.objc; path = main.m; sourceTree = "<group>"; };
		B671B7C01B8EB4C10045ACE1 /* Hypnosister 3-Prefix.pch */ = {isa = PBXFileReference; lastKnownFileType = sourcecode.c.h; path = "Hypnosister 3-Prefix.pch"; sourceTree = "<group>"; };
		B671B7C11B8EB4C10045ACE1 /* BNRAppDelegate.h */ = {isa = PBXFileReference; lastKnownFileType = sourcecode.c.h; path = BNRAppDelegate.h; sourceTree = "<group>"; };
		B671B7C21B8EB4C10045ACE1 /* BNRAppDelegate.m */ = {isa = PBXFileReference; lastKnownFileType = sourcecode.c.objc; path = BNRAppDelegate.m; sourceTree = "<group>"; };
		B671B7C41B8EB4C10045ACE1 /* Images.xcassets */ = {isa = PBXFileReference; lastKnownFileType = folder.assetcatalog; path = Images.xcassets; sourceTree = "<group>"; };
		B671B7CA1B8EB4C10045ACE1 /* Hypnosister 3Tests.xctest */ = {isa = PBXFileReference; explicitFileType = wrapper.cfbundle; includeInIndex = 0; path = "Hypnosister 3Tests.xctest"; sourceTree = BUILT_PRODUCTS_DIR; };
		B671B7CB1B8EB4C10045ACE1 /* XCTest.framework */ = {isa = PBXFileReference; lastKnownFileType = wrapper.framework; name = XCTest.framework; path = Library/Frameworks/XCTest.framework; sourceTree = DEVELOPER_DIR; };
		B671B7D31B8EB4C10045ACE1 /* Hypnosister 3Tests-Info.plist */ = {isa = PBXFileReference; lastKnownFileType = text.plist.xml; path = "Hypnosister 3Tests-Info.plist"; sourceTree = "<group>"; };
		B671B7D51B8EB4C10045ACE1 /* en */ = {isa = PBXFileReference; lastKnownFileType = text.plist.strings; name = en; path = en.lproj/InfoPlist.strings; sourceTree = "<group>"; };
		B671B7D71B8EB4C10045ACE1 /* Hypnosister_3Tests.m */ = {isa = PBXFileReference; lastKnownFileType = sourcecode.c.objc; path = Hypnosister_3Tests.m; sourceTree = "<group>"; };
		B671B7E11B8EB4CF0045ACE1 /* BNRHypnosisView.h */ = {isa = PBXFileReference; fileEncoding = 4; lastKnownFileType = sourcecode.c.h; name = BNRHypnosisView.h; path = ../BNRHypnosisView.h; sourceTree = "<group>"; };
		B671B7E21B8EB4CF0045ACE1 /* BNRHypnosisView.m */ = {isa = PBXFileReference; fileEncoding = 4; lastKnownFileType = sourcecode.c.objc; name = BNRHypnosisView.m; path = ../BNRHypnosisView.m; sourceTree = "<group>"; };
/* End PBXFileReference section */

/* Begin PBXFrameworksBuildPhase section */
		B671B7AC1B8EB4C10045ACE1 /* Frameworks */ = {
			isa = PBXFrameworksBuildPhase;
			buildActionMask = 2147483647;
			files = (
				B671B7B51B8EB4C10045ACE1 /* CoreGraphics.framework in Frameworks */,
				B671B7B71B8EB4C10045ACE1 /* UIKit.framework in Frameworks */,
				B671B7B31B8EB4C10045ACE1 /* Foundation.framework in Frameworks */,
			);
			runOnlyForDeploymentPostprocessing = 0;
		};
		B671B7C71B8EB4C10045ACE1 /* Frameworks */ = {
			isa = PBXFrameworksBuildPhase;
			buildActionMask = 2147483647;
			files = (
				B671B7CC1B8EB4C10045ACE1 /* XCTest.framework in Frameworks */,
				B671B7CE1B8EB4C10045ACE1 /* UIKit.framework in Frameworks */,
				B671B7CD1B8EB4C10045ACE1 /* Foundation.framework in Frameworks */,
			);
			runOnlyForDeploymentPostprocessing = 0;
		};
/* End PBXFrameworksBuildPhase section */

/* Begin PBXGroup section */
		B671B7A61B8EB4C10045ACE1 = {
			isa = PBXGroup;
			children = (
				B671B7B81B8EB4C10045ACE1 /* Hypnosister 3 */,
				B671B7D11B8EB4C10045ACE1 /* Hypnosister 3Tests */,
				B671B7B11B8EB4C10045ACE1 /* Frameworks */,
				B671B7B01B8EB4C10045ACE1 /* Products */,
			);
			sourceTree = "<group>";
		};
		B671B7B01B8EB4C10045ACE1 /* Products */ = {
			isa = PBXGroup;
			children = (
				B671B7AF1B8EB4C10045ACE1 /* Hypnosister 3.app */,
				B671B7CA1B8EB4C10045ACE1 /* Hypnosister 3Tests.xctest */,
			);
			name = Products;
			sourceTree = "<group>";
		};
		B671B7B11B8EB4C10045ACE1 /* Frameworks */ = {
			isa = PBXGroup;
			children = (
				B671B7B21B8EB4C10045ACE1 /* Foundation.framework */,
				B671B7B41B8EB4C10045ACE1 /* CoreGraphics.framework */,
				B671B7B61B8EB4C10045ACE1 /* UIKit.framework */,
				B671B7CB1B8EB4C10045ACE1 /* XCTest.framework */,
			);
			name = Frameworks;
			sourceTree = "<group>";
		};
		B671B7B81B8EB4C10045ACE1 /* Hypnosister 3 */ = {
			isa = PBXGroup;
			children = (
				B671B7C11B8EB4C10045ACE1 /* BNRAppDelegate.h */,
				B671B7C21B8EB4C10045ACE1 /* BNRAppDelegate.m */,
				B671B7E11B8EB4CF0045ACE1 /* BNRHypnosisView.h */,
				B671B7E21B8EB4CF0045ACE1 /* BNRHypnosisView.m */,
				B671B7C41B8EB4C10045ACE1 /* Images.xcassets */,
				B671B7B91B8EB4C10045ACE1 /* Supporting Files */,
			);
			path = "Hypnosister 3";
			sourceTree = "<group>";
		};
		B671B7B91B8EB4C10045ACE1 /* Supporting Files */ = {
			isa = PBXGroup;
			children = (
				B671B7BA1B8EB4C10045ACE1 /* Hypnosister 3-Info.plist */,
				B671B7BB1B8EB4C10045ACE1 /* InfoPlist.strings */,
				B671B7BE1B8EB4C10045ACE1 /* main.m */,
				B671B7C01B8EB4C10045ACE1 /* Hypnosister 3-Prefix.pch */,
			);
			name = "Supporting Files";
			sourceTree = "<group>";
		};
		B671B7D11B8EB4C10045ACE1 /* Hypnosister 3Tests */ = {
			isa = PBXGroup;
			children = (
				B671B7D71B8EB4C10045ACE1 /* Hypnosister_3Tests.m */,
				B671B7D21B8EB4C10045ACE1 /* Supporting Files */,
			);
			path = "Hypnosister 3Tests";
			sourceTree = "<group>";
		};
		B671B7D21B8EB4C10045ACE1 /* Supporting Files */ = {
			isa = PBXGroup;
			children = (
				B671B7D31B8EB4C10045ACE1 /* Hypnosister 3Tests-Info.plist */,
				B671B7D41B8EB4C10045ACE1 /* InfoPlist.strings */,
			);
			name = "Supporting Files";
			sourceTree = "<group>";
		};
/* End PBXGroup section */

/* Begin PBXNativeTarget section */
		B671B7AE1B8EB4C10045ACE1 /* Hypnosister 3 */ = {
			isa = PBXNativeTarget;
			buildConfigurationList = B671B7DB1B8EB4C10045ACE1 /* Build configuration list for PBXNativeTarget "Hypnosister 3" */;
			buildPhases = (
				B671B7AB1B8EB4C10045ACE1 /* Sources */,
				B671B7AC1B8EB4C10045ACE1 /* Frameworks */,
				B671B7AD1B8EB4C10045ACE1 /* Resources */,
			);
			buildRules = (
			);
			dependencies = (
			);
			name = "Hypnosister 3";
			productName = "Hypnosister 3";
			productReference = B671B7AF1B8EB4C10045ACE1 /* Hypnosister 3.app */;
			productType = "com.apple.product-type.application";
		};
		B671B7C91B8EB4C10045ACE1 /* Hypnosister 3Tests */ = {
			isa = PBXNativeTarget;
			buildConfigurationList = B671B7DE1B8EB4C10045ACE1 /* Build configuration list for PBXNativeTarget "Hypnosister 3Tests" */;
			buildPhases = (
				B671B7C61B8EB4C10045ACE1 /* Sources */,
				B671B7C71B8EB4C10045ACE1 /* Frameworks */,
				B671B7C81B8EB4C10045ACE1 /* Resources */,
			);
			buildRules = (
			);
			dependencies = (
				B671B7D01B8EB4C10045ACE1 /* PBXTargetDependency */,
			);
			name = "Hypnosister 3Tests";
			productName = "Hypnosister 3Tests";
			productReference = B671B7CA1B8EB4C10045ACE1 /* Hypnosister 3Tests.xctest */;
			productType = "com.apple.product-type.bundle.unit-test";
		};
/* End PBXNativeTarget section */

/* Begin PBXProject section */
		B671B7A71B8EB4C10045ACE1 /* Project object */ = {
			isa = PBXProject;
			attributes = {
				CLASSPREFIX = BNR;
				LastUpgradeCheck = 0510;
				ORGANIZATIONNAME = "Big Nerd Ranch";
				TargetAttributes = {
					B671B7C91B8EB4C10045ACE1 = {
						TestTargetID = B671B7AE1B8EB4C10045ACE1;
					};
				};
			};
			buildConfigurationList = B671B7AA1B8EB4C10045ACE1 /* Build configuration list for PBXProject "Hypnosister 3" */;
			compatibilityVersion = "Xcode 3.2";
			developmentRegion = English;
			hasScannedForEncodings = 0;
			knownRegions = (
				en,
			);
			mainGroup = B671B7A61B8EB4C10045ACE1;
			productRefGroup = B671B7B01B8EB4C10045ACE1 /* Products */;
			projectDirPath = "";
			projectRoot = "";
			targets = (
				B671B7AE1B8EB4C10045ACE1 /* Hypnosister 3 */,
				B671B7C91B8EB4C10045ACE1 /* Hypnosister 3Tests */,
			);
		};
/* End PBXProject section */

/* Begin PBXResourcesBuildPhase section */
		B671B7AD1B8EB4C10045ACE1 /* Resources */ = {
			isa = PBXResourcesBuildPhase;
			buildActionMask = 2147483647;
			files = (
				B671B7BD1B8EB4C10045ACE1 /* InfoPlist.strings in Resources */,
				B671B7C51B8EB4C10045ACE1 /* Images.xcassets in Resources */,
			);
			runOnlyForDeploymentPostprocessing = 0;
		};
		B671B7C81B8EB4C10045ACE1 /* Resources */ = {
			isa = PBXResourcesBuildPhase;
			buildActionMask = 2147483647;
			files = (
				B671B7D61B8EB4C10045ACE1 /* InfoPlist.strings in Resources */,
			);
			runOnlyForDeploymentPostprocessing = 0;
		};
/* End PBXResourcesBuildPhase section */

/* Begin PBXSourcesBuildPhase section */
		B671B7AB1B8EB4C10045ACE1 /* Sources */ = {
			isa = PBXSourcesBuildPhase;
			buildActionMask = 2147483647;
			files = (
				B671B7BF1B8EB4C10045ACE1 /* main.m in Sources */,
				B671B7C31B8EB4C10045ACE1 /* BNRAppDelegate.m in Sources */,
				B671B7E31B8EB4CF0045ACE1 /* BNRHypnosisView.m in Sources */,
			);
			runOnlyForDeploymentPostprocessing = 0;
		};
		B671B7C61B8EB4C10045ACE1 /* Sources */ = {
			isa = PBXSourcesBuildPhase;
			buildActionMask = 2147483647;
			files = (
				B671B7D81B8EB4C10045ACE1 /* Hypnosister_3Tests.m in Sources */,
			);
			runOnlyForDeploymentPostprocessing = 0;
		};
/* End PBXSourcesBuildPhase section */

/* Begin PBXTargetDependency section */
		B671B7D01B8EB4C10045ACE1 /* PBXTargetDependency */ = {
			isa = PBXTargetDependency;
			target = B671B7AE1B8EB4C10045ACE1 /* Hypnosister 3 */;
			targetProxy = B671B7CF1B8EB4C10045ACE1 /* PBXContainerItemProxy */;
		};
/* End PBXTargetDependency section */

/* Begin PBXVariantGroup section */
		B671B7BB1B8EB4C10045ACE1 /* InfoPlist.strings */ = {
			isa = PBXVariantGroup;
			children = (
				B671B7BC1B8EB4C10045ACE1 /* en */,
			);
			name = InfoPlist.strings;
			sourceTree = "<group>";
		};
		B671B7D41B8EB4C10045ACE1 /* InfoPlist.strings */ = {
			isa = PBXVariantGroup;
			children = (
				B671B7D51B8EB4C10045ACE1 /* en */,
			);
			name = InfoPlist.strings;
			sourceTree = "<group>";
		};
/* End PBXVariantGroup section */

/* Begin XCBuildConfiguration section */
		B671B7D91B8EB4C10045ACE1 /* Debug */ = {
			isa = XCBuildConfiguration;
			buildSettings = {
				ALWAYS_SEARCH_USER_PATHS = NO;
				CLANG_CXX_LANGUAGE_STANDARD = "gnu++0x";
				CLANG_CXX_LIBRARY = "libc++";
				CLANG_ENABLE_MODULES = YES;
				CLANG_ENABLE_OBJC_ARC = YES;
				CLANG_WARN_BOOL_CONVERSION = YES;
				CLANG_WARN_CONSTANT_CONVERSION = YES;
				CLANG_WARN_DIRECT_OBJC_ISA_USAGE = YES_ERROR;
				CLANG_WARN_EMPTY_BODY = YES;
				CLANG_WARN_ENUM_CONVERSION = YES;
				CLANG_WARN_INT_CONVERSION = YES;
				CLANG_WARN_OBJC_ROOT_CLASS = YES_ERROR;
				CLANG_WARN__DUPLICATE_METHOD_MATCH = YES;
				"CODE_SIGN_IDENTITY[sdk=iphoneos*]" = "iPhone Developer";
				COPY_PHASE_STRIP = NO;
				GCC_C_LANGUAGE_STANDARD = gnu99;
				GCC_DYNAMIC_NO_PIC = NO;
				GCC_OPTIMIZATION_LEVEL = 0;
				GCC_PREPROCESSOR_DEFINITIONS = (
					"DEBUG=1",
					"$(inherited)",
				);
				GCC_SYMBOLS_PRIVATE_EXTERN = NO;
				GCC_WARN_64_TO_32_BIT_CONVERSION = YES;
				GCC_WARN_ABOUT_RETURN_TYPE = YES_ERROR;
				GCC_WARN_UNDECLARED_SELECTOR = YES;
				GCC_WARN_UNINITIALIZED_AUTOS = YES_AGGRESSIVE;
				GCC_WARN_UNUSED_FUNCTION = YES;
				GCC_WARN_UNUSED_VARIABLE = YES;
				IPHONEOS_DEPLOYMENT_TARGET = 7.1;
				ONLY_ACTIVE_ARCH = YES;
				SDKROOT = iphoneos;
			};
			name = Debug;
		};
		B671B7DA1B8EB4C10045ACE1 /* Release */ = {
			isa = XCBuildConfiguration;
			buildSettings = {
				ALWAYS_SEARCH_USER_PATHS = NO;
				CLANG_CXX_LANGUAGE_STANDARD = "gnu++0x";
				CLANG_CXX_LIBRARY = "libc++";
				CLANG_ENABLE_MODULES = YES;
				CLANG_ENABLE_OBJC_ARC = YES;
				CLANG_WARN_BOOL_CONVERSION = YES;
				CLANG_WARN_CONSTANT_CONVERSION = YES;
				CLANG_WARN_DIRECT_OBJC_ISA_USAGE = YES_ERROR;
				CLANG_WARN_EMPTY_BODY = YES;
				CLANG_WARN_ENUM_CONVERSION = YES;
				CLANG_WARN_INT_CONVERSION = YES;
				CLANG_WARN_OBJC_ROOT_CLASS = YES_ERROR;
				CLANG_WARN__DUPLICATE_METHOD_MATCH = YES;
				"CODE_SIGN_IDENTITY[sdk=iphoneos*]" = "iPhone Developer";
				COPY_PHASE_STRIP = YES;
				ENABLE_NS_ASSERTIONS = NO;
				GCC_C_LANGUAGE_STANDARD = gnu99;
				GCC_WARN_64_TO_32_BIT_CONVERSION = YES;
				GCC_WARN_ABOUT_RETURN_TYPE = YES_ERROR;
				GCC_WARN_UNDECLARED_SELECTOR = YES;
				GCC_WARN_UNINITIALIZED_AUTOS = YES_AGGRESSIVE;
				GCC_WARN_UNUSED_FUNCTION = YES;
				GCC_WARN_UNUSED_VARIABLE = YES;
				IPHONEOS_DEPLOYMENT_TARGET = 7.1;
				SDKROOT = iphoneos;
				VALIDATE_PRODUCT = YES;
			};
			name = Release;
		};
		B671B7DC1B8EB4C10045ACE1 /* Debug */ = {
			isa = XCBuildConfiguration;
			buildSettings = {
				ASSETCATALOG_COMPILER_APPICON_NAME = AppIcon;
				ASSETCATALOG_COMPILER_LAUNCHIMAGE_NAME = LaunchImage;
				GCC_PRECOMPILE_PREFIX_HEADER = YES;
				GCC_PREFIX_HEADER = "Hypnosister 3/Hypnosister 3-Prefix.pch";
				INFOPLIST_FILE = "Hypnosister 3/Hypnosister 3-Info.plist";
				PRODUCT_NAME = "$(TARGET_NAME)";
				WRAPPER_EXTENSION = app;
			};
			name = Debug;
		};
		B671B7DD1B8EB4C10045ACE1 /* Release */ = {
			isa = XCBuildConfiguration;
			buildSettings = {
				ASSETCATALOG_COMPILER_APPICON_NAME = AppIcon;
				ASSETCATALOG_COMPILER_LAUNCHIMAGE_NAME = LaunchImage;
				GCC_PRECOMPILE_PREFIX_HEADER = YES;
				GCC_PREFIX_HEADER = "Hypnosister 3/Hypnosister 3-Prefix.pch";
				INFOPLIST_FILE = "Hypnosister 3/Hypnosister 3-Info.plist";
				PRODUCT_NAME = "$(TARGET_NAME)";
				WRAPPER_EXTENSION = app;
			};
			name = Release;
		};
		B671B7DF1B8EB4C10045ACE1 /* Debug */ = {
			isa = XCBuildConfiguration;
			buildSettings = {
				BUNDLE_LOADER = "$(BUILT_PRODUCTS_DIR)/Hypnosister 3.app/Hypnosister 3";
				FRAMEWORK_SEARCH_PATHS = (
					"$(SDKROOT)/Developer/Library/Frameworks",
					"$(inherited)",
					"$(DEVELOPER_FRAMEWORKS_DIR)",
				);
				GCC_PRECOMPILE_PREFIX_HEADER = YES;
				GCC_PREFIX_HEADER = "Hypnosister 3/Hypnosister 3-Prefix.pch";
				GCC_PREPROCESSOR_DEFINITIONS = (
					"DEBUG=1",
					"$(inherited)",
				);
				INFOPLIST_FILE = "Hypnosister 3Tests/Hypnosister 3Tests-Info.plist";
				PRODUCT_NAME = "$(TARGET_NAME)";
				TEST_HOST = "$(BUNDLE_LOADER)";
				WRAPPER_EXTENSION = xctest;
			};
			name = Debug;
		};
		B671B7E01B8EB4C10045ACE1 /* Release */ = {
			isa = XCBuildConfiguration;
			buildSettings = {
				BUNDLE_LOADER = "$(BUILT_PRODUCTS_DIR)/Hypnosister 3.app/Hypnosister 3";
				FRAMEWORK_SEARCH_PATHS = (
					"$(SDKROOT)/Developer/Library/Frameworks",
					"$(inherited)",
					"$(DEVELOPER_FRAMEWORKS_DIR)",
				);
				GCC_PRECOMPILE_PREFIX_HEADER = YES;
				GCC_PREFIX_HEADER = "Hypnosister 3/Hypnosister 3-Prefix.pch";
				INFOPLIST_FILE = "Hypnosister 3Tests/Hypnosister 3Tests-Info.plist";
				PRODUCT_NAME = "$(TARGET_NAME)";
				TEST_HOST = "$(BUNDLE_LOADER)";
				WRAPPER_EXTENSION = xctest;
			};
			name = Release;
		};
/* End XCBuildConfiguration section */

/* Begin XCConfigurationList section */
		B671B7AA1B8EB4C10045ACE1 /* Build configuration list for PBXProject "Hypnosister 3" */ = {
			isa = XCConfigurationList;
			buildConfigurations = (
				B671B7D91B8EB4C10045ACE1 /* Debug */,
				B671B7DA1B8EB4C10045ACE1 /* Release */,
			);
			defaultConfigurationIsVisible = 0;
			defaultConfigurationName = Release;
		};
		B671B7DB1B8EB4C10045ACE1 /* Build configuration list for PBXNativeTarget "Hypnosister 3" */ = {
			isa = XCConfigurationList;
			buildConfigurations = (
				B671B7DC1B8EB4C10045ACE1 /* Debug */,
				B671B7DD1B8EB4C10045ACE1 /* Release */,
			);
			defaultConfigurationIsVisible = 0;
		};
		B671B7DE1B8EB4C10045ACE1 /* Build configuration list for PBXNativeTarget "Hypnosister 3Tests" */ = {
			isa = XCConfigurationList;
			buildConfigurations = (
				B671B7DF1B8EB4C10045ACE1 /* Debug */,
				B671B7E01B8EB4C10045ACE1 /* Release */,
			);
			defaultConfigurationIsVisible = 0;
		};
/* End XCConfigurationList section */
	};
	rootObject = B671B7A71B8EB4C10045ACE1 /* Project object */;
}
