// !$*UTF8*$!
{
	archiveVersion = 1;
	classes = {
	};
	objectVersion = 46;
	objects = {

/* Begin PBXBuildFile section */
		B6E4575F1B7C450500B3A020 /* Foundation.framework in Frameworks */ = {isa = PBXBuildFile; fileRef = B6E4575E1B7C450500B3A020 /* Foundation.framework */; };
		B6E457611B7C450500B3A020 /* CoreGraphics.framework in Frameworks */ = {isa = PBXBuildFile; fileRef = B6E457601B7C450500B3A020 /* CoreGraphics.framework */; };
		B6E457631B7C450500B3A020 /* UIKit.framework in Frameworks */ = {isa = PBXBuildFile; fileRef = B6E457621B7C450500B3A020 /* UIKit.framework */; };
		B6E457691B7C450500B3A020 /* InfoPlist.strings in Resources */ = {isa = PBXBuildFile; fileRef = B6E457671B7C450500B3A020 /* InfoPlist.strings */; };
		B6E4576B1B7C450500B3A020 /* main.m in Sources */ = {isa = PBXBuildFile; fileRef = B6E4576A1B7C450500B3A020 /* main.m */; };
		B6E4576F1B7C450500B3A020 /* BNRAppDelegate.m in Sources */ = {isa = PBXBuildFile; fileRef = B6E4576E1B7C450500B3A020 /* BNRAppDelegate.m */; };
		B6E457711B7C450500B3A020 /* Images.xcassets in Resources */ = {isa = PBXBuildFile; fileRef = B6E457701B7C450500B3A020 /* Images.xcassets */; };
		B6E457781B7C450500B3A020 /* XCTest.framework in Frameworks */ = {isa = PBXBuildFile; fileRef = B6E457771B7C450500B3A020 /* XCTest.framework */; };
		B6E457791B7C450500B3A020 /* Foundation.framework in Frameworks */ = {isa = PBXBuildFile; fileRef = B6E4575E1B7C450500B3A020 /* Foundation.framework */; };
		B6E4577A1B7C450500B3A020 /* UIKit.framework in Frameworks */ = {isa = PBXBuildFile; fileRef = B6E457621B7C450500B3A020 /* UIKit.framework */; };
		B6E457821B7C450500B3A020 /* InfoPlist.strings in Resources */ = {isa = PBXBuildFile; fileRef = B6E457801B7C450500B3A020 /* InfoPlist.strings */; };
		B6E457841B7C450500B3A020 /* QuizTests.m in Sources */ = {isa = PBXBuildFile; fileRef = B6E457831B7C450500B3A020 /* QuizTests.m */; };
		B6E457901B7C45B400B3A020 /* BNRQuizViewController.m in Sources */ = {isa = PBXBuildFile; fileRef = B6E4578E1B7C45B400B3A020 /* BNRQuizViewController.m */; };
		B6E457911B7C45B400B3A020 /* BNRQuizViewController.xib in Resources */ = {isa = PBXBuildFile; fileRef = B6E4578F1B7C45B400B3A020 /* BNRQuizViewController.xib */; };
/* End PBXBuildFile section */

/* Begin PBXContainerItemProxy section */
		B6E4577B1B7C450500B3A020 /* PBXContainerItemProxy */ = {
			isa = PBXContainerItemProxy;
			containerPortal = B6E457531B7C450500B3A020 /* Project object */;
			proxyType = 1;
			remoteGlobalIDString = B6E4575A1B7C450500B3A020;
			remoteInfo = Quiz;
		};
/* End PBXContainerItemProxy section */

/* Begin PBXFileReference section */
		B6E4575B1B7C450500B3A020 /* Quiz.app */ = {isa = PBXFileReference; explicitFileType = wrapper.application; includeInIndex = 0; path = Quiz.app; sourceTree = BUILT_PRODUCTS_DIR; };
		B6E4575E1B7C450500B3A020 /* Foundation.framework */ = {isa = PBXFileReference; lastKnownFileType = wrapper.framework; name = Foundation.framework; path = System/Library/Frameworks/Foundation.framework; sourceTree = SDKROOT; };
		B6E457601B7C450500B3A020 /* CoreGraphics.framework */ = {isa = PBXFileReference; lastKnownFileType = wrapper.framework; name = CoreGraphics.framework; path = System/Library/Frameworks/CoreGraphics.framework; sourceTree = SDKROOT; };
		B6E457621B7C450500B3A020 /* UIKit.framework */ = {isa = PBXFileReference; lastKnownFileType = wrapper.framework; name = UIKit.framework; path = System/Library/Frameworks/UIKit.framework; sourceTree = SDKROOT; };
		B6E457661B7C450500B3A020 /* Quiz-Info.plist */ = {isa = PBXFileReference; lastKnownFileType = text.plist.xml; path = "Quiz-Info.plist"; sourceTree = "<group>"; };
		B6E457681B7C450500B3A020 /* en */ = {isa = PBXFileReference; lastKnownFileType = text.plist.strings; name = en; path = en.lproj/InfoPlist.strings; sourceTree = "<group>"; };
		B6E4576A1B7C450500B3A020 /* main.m */ = {isa = PBXFileReference; lastKnownFileType = sourcecode.c.objc; path = main.m; sourceTree = "<group>"; };
		B6E4576C1B7C450500B3A020 /* Quiz-Prefix.pch */ = {isa = PBXFileReference; lastKnownFileType = sourcecode.c.h; path = "Quiz-Prefix.pch"; sourceTree = "<group>"; };
		B6E4576D1B7C450500B3A020 /* BNRAppDelegate.h */ = {isa = PBXFileReference; lastKnownFileType = sourcecode.c.h; path = BNRAppDelegate.h; sourceTree = "<group>"; };
		B6E4576E1B7C450500B3A020 /* BNRAppDelegate.m */ = {isa = PBXFileReference; lastKnownFileType = sourcecode.c.objc; path = BNRAppDelegate.m; sourceTree = "<group>"; };
		B6E457701B7C450500B3A020 /* Images.xcassets */ = {isa = PBXFileReference; lastKnownFileType = folder.assetcatalog; path = Images.xcassets; sourceTree = "<group>"; };
		B6E457761B7C450500B3A020 /* QuizTests.xctest */ = {isa = PBXFileReference; explicitFileType = wrapper.cfbundle; includeInIndex = 0; path = QuizTests.xctest; sourceTree = BUILT_PRODUCTS_DIR; };
		B6E457771B7C450500B3A020 /* XCTest.framework */ = {isa = PBXFileReference; lastKnownFileType = wrapper.framework; name = XCTest.framework; path = Library/Frameworks/XCTest.framework; sourceTree = DEVELOPER_DIR; };
		B6E4577F1B7C450500B3A020 /* QuizTests-Info.plist */ = {isa = PBXFileReference; lastKnownFileType = text.plist.xml; path = "QuizTests-Info.plist"; sourceTree = "<group>"; };
		B6E457811B7C450500B3A020 /* en */ = {isa = PBXFileReference; lastKnownFileType = text.plist.strings; name = en; path = en.lproj/InfoPlist.strings; sourceTree = "<group>"; };
		B6E457831B7C450500B3A020 /* QuizTests.m */ = {isa = PBXFileReference; lastKnownFileType = sourcecode.c.objc; path = QuizTests.m; sourceTree = "<group>"; };
		B6E4578D1B7C45B400B3A020 /* BNRQuizViewController.h */ = {isa = PBXFileReference; fileEncoding = 4; lastKnownFileType = sourcecode.c.h; path = BNRQuizViewController.h; sourceTree = "<group>"; };
		B6E4578E1B7C45B400B3A020 /* BNRQuizViewController.m */ = {isa = PBXFileReference; fileEncoding = 4; lastKnownFileType = sourcecode.c.objc; path = BNRQuizViewController.m; sourceTree = "<group>"; };
		B6E4578F1B7C45B400B3A020 /* BNRQuizViewController.xib */ = {isa = PBXFileReference; fileEncoding = 4; lastKnownFileType = file.xib; path = BNRQuizViewController.xib; sourceTree = "<group>"; };
/* End PBXFileReference section */

/* Begin PBXFrameworksBuildPhase section */
		B6E457581B7C450500B3A020 /* Frameworks */ = {
			isa = PBXFrameworksBuildPhase;
			buildActionMask = 2147483647;
			files = (
				B6E457611B7C450500B3A020 /* CoreGraphics.framework in Frameworks */,
				B6E457631B7C450500B3A020 /* UIKit.framework in Frameworks */,
				B6E4575F1B7C450500B3A020 /* Foundation.framework in Frameworks */,
			);
			runOnlyForDeploymentPostprocessing = 0;
		};
		B6E457731B7C450500B3A020 /* Frameworks */ = {
			isa = PBXFrameworksBuildPhase;
			buildActionMask = 2147483647;
			files = (
				B6E457781B7C450500B3A020 /* XCTest.framework in Frameworks */,
				B6E4577A1B7C450500B3A020 /* UIKit.framework in Frameworks */,
				B6E457791B7C450500B3A020 /* Foundation.framework in Frameworks */,
			);
			runOnlyForDeploymentPostprocessing = 0;
		};
/* End PBXFrameworksBuildPhase section */

/* Begin PBXGroup section */
		B6E457521B7C450500B3A020 = {
			isa = PBXGroup;
			children = (
				B6E457641B7C450500B3A020 /* Quiz */,
				B6E4577D1B7C450500B3A020 /* QuizTests */,
				B6E4575D1B7C450500B3A020 /* Frameworks */,
				B6E4575C1B7C450500B3A020 /* Products */,
			);
			sourceTree = "<group>";
		};
		B6E4575C1B7C450500B3A020 /* Products */ = {
			isa = PBXGroup;
			children = (
				B6E4575B1B7C450500B3A020 /* Quiz.app */,
				B6E457761B7C450500B3A020 /* QuizTests.xctest */,
			);
			name = Products;
			sourceTree = "<group>";
		};
		B6E4575D1B7C450500B3A020 /* Frameworks */ = {
			isa = PBXGroup;
			children = (
				B6E4575E1B7C450500B3A020 /* Foundation.framework */,
				B6E457601B7C450500B3A020 /* CoreGraphics.framework */,
				B6E457621B7C450500B3A020 /* UIKit.framework */,
				B6E457771B7C450500B3A020 /* XCTest.framework */,
			);
			name = Frameworks;
			sourceTree = "<group>";
		};
		B6E457641B7C450500B3A020 /* Quiz */ = {
			isa = PBXGroup;
			children = (
				B6E4576D1B7C450500B3A020 /* BNRAppDelegate.h */,
				B6E4576E1B7C450500B3A020 /* BNRAppDelegate.m */,
				B6E4578D1B7C45B400B3A020 /* BNRQuizViewController.h */,
				B6E4578E1B7C45B400B3A020 /* BNRQuizViewController.m */,
				B6E4578F1B7C45B400B3A020 /* BNRQuizViewController.xib */,
				B6E457701B7C450500B3A020 /* Images.xcassets */,
				B6E457651B7C450500B3A020 /* Supporting Files */,
			);
			path = Quiz;
			sourceTree = "<group>";
		};
		B6E457651B7C450500B3A020 /* Supporting Files */ = {
			isa = PBXGroup;
			children = (
				B6E457661B7C450500B3A020 /* Quiz-Info.plist */,
				B6E457671B7C450500B3A020 /* InfoPlist.strings */,
				B6E4576A1B7C450500B3A020 /* main.m */,
				B6E4576C1B7C450500B3A020 /* Quiz-Prefix.pch */,
			);
			name = "Supporting Files";
			sourceTree = "<group>";
		};
		B6E4577D1B7C450500B3A020 /* QuizTests */ = {
			isa = PBXGroup;
			children = (
				B6E457831B7C450500B3A020 /* QuizTests.m */,
				B6E4577E1B7C450500B3A020 /* Supporting Files */,
			);
			path = QuizTests;
			sourceTree = "<group>";
		};
		B6E4577E1B7C450500B3A020 /* Supporting Files */ = {
			isa = PBXGroup;
			children = (
				B6E4577F1B7C450500B3A020 /* QuizTests-Info.plist */,
				B6E457801B7C450500B3A020 /* InfoPlist.strings */,
			);
			name = "Supporting Files";
			sourceTree = "<group>";
		};
/* End PBXGroup section */

/* Begin PBXNativeTarget section */
		B6E4575A1B7C450500B3A020 /* Quiz */ = {
			isa = PBXNativeTarget;
			buildConfigurationList = B6E457871B7C450500B3A020 /* Build configuration list for PBXNativeTarget "Quiz" */;
			buildPhases = (
				B6E457571B7C450500B3A020 /* Sources */,
				B6E457581B7C450500B3A020 /* Frameworks */,
				B6E457591B7C450500B3A020 /* Resources */,
			);
			buildRules = (
			);
			dependencies = (
			);
			name = Quiz;
			productName = Quiz;
			productReference = B6E4575B1B7C450500B3A020 /* Quiz.app */;
			productType = "com.apple.product-type.application";
		};
		B6E457751B7C450500B3A020 /* QuizTests */ = {
			isa = PBXNativeTarget;
			buildConfigurationList = B6E4578A1B7C450500B3A020 /* Build configuration list for PBXNativeTarget "QuizTests" */;
			buildPhases = (
				B6E457721B7C450500B3A020 /* Sources */,
				B6E457731B7C450500B3A020 /* Frameworks */,
				B6E457741B7C450500B3A020 /* Resources */,
			);
			buildRules = (
			);
			dependencies = (
				B6E4577C1B7C450500B3A020 /* PBXTargetDependency */,
			);
			name = QuizTests;
			productName = QuizTests;
			productReference = B6E457761B7C450500B3A020 /* QuizTests.xctest */;
			productType = "com.apple.product-type.bundle.unit-test";
		};
/* End PBXNativeTarget section */

/* Begin PBXProject section */
		B6E457531B7C450500B3A020 /* Project object */ = {
			isa = PBXProject;
			attributes = {
				CLASSPREFIX = BNR;
				LastUpgradeCheck = 0510;
				ORGANIZATIONNAME = "Big Nerd Ranch";
				TargetAttributes = {
					B6E457751B7C450500B3A020 = {
						TestTargetID = B6E4575A1B7C450500B3A020;
					};
				};
			};
			buildConfigurationList = B6E457561B7C450500B3A020 /* Build configuration list for PBXProject "Quiz" */;
			compatibilityVersion = "Xcode 3.2";
			developmentRegion = English;
			hasScannedForEncodings = 0;
			knownRegions = (
				en,
			);
			mainGroup = B6E457521B7C450500B3A020;
			productRefGroup = B6E4575C1B7C450500B3A020 /* Products */;
			projectDirPath = "";
			projectRoot = "";
			targets = (
				B6E4575A1B7C450500B3A020 /* Quiz */,
				B6E457751B7C450500B3A020 /* QuizTests */,
			);
		};
/* End PBXProject section */

/* Begin PBXResourcesBuildPhase section */
		B6E457591B7C450500B3A020 /* Resources */ = {
			isa = PBXResourcesBuildPhase;
			buildActionMask = 2147483647;
			files = (
				B6E457691B7C450500B3A020 /* InfoPlist.strings in Resources */,
				B6E457911B7C45B400B3A020 /* BNRQuizViewController.xib in Resources */,
				B6E457711B7C450500B3A020 /* Images.xcassets in Resources */,
			);
			runOnlyForDeploymentPostprocessing = 0;
		};
		B6E457741B7C450500B3A020 /* Resources */ = {
			isa = PBXResourcesBuildPhase;
			buildActionMask = 2147483647;
			files = (
				B6E457821B7C450500B3A020 /* InfoPlist.strings in Resources */,
			);
			runOnlyForDeploymentPostprocessing = 0;
		};
/* End PBXResourcesBuildPhase section */

/* Begin PBXSourcesBuildPhase section */
		B6E457571B7C450500B3A020 /* Sources */ = {
			isa = PBXSourcesBuildPhase;
			buildActionMask = 2147483647;
			files = (
				B6E4576B1B7C450500B3A020 /* main.m in Sources */,
				B6E4576F1B7C450500B3A020 /* BNRAppDelegate.m in Sources */,
				B6E457901B7C45B400B3A020 /* BNRQuizViewController.m in Sources */,
			);
			runOnlyForDeploymentPostprocessing = 0;
		};
		B6E457721B7C450500B3A020 /* Sources */ = {
			isa = PBXSourcesBuildPhase;
			buildActionMask = 2147483647;
			files = (
				B6E457841B7C450500B3A020 /* QuizTests.m in Sources */,
			);
			runOnlyForDeploymentPostprocessing = 0;
		};
/* End PBXSourcesBuildPhase section */

/* Begin PBXTargetDependency section */
		B6E4577C1B7C450500B3A020 /* PBXTargetDependency */ = {
			isa = PBXTargetDependency;
			target = B6E4575A1B7C450500B3A020 /* Quiz */;
			targetProxy = B6E4577B1B7C450500B3A020 /* PBXContainerItemProxy */;
		};
/* End PBXTargetDependency section */

/* Begin PBXVariantGroup section */
		B6E457671B7C450500B3A020 /* InfoPlist.strings */ = {
			isa = PBXVariantGroup;
			children = (
				B6E457681B7C450500B3A020 /* en */,
			);
			name = InfoPlist.strings;
			sourceTree = "<group>";
		};
		B6E457801B7C450500B3A020 /* InfoPlist.strings */ = {
			isa = PBXVariantGroup;
			children = (
				B6E457811B7C450500B3A020 /* en */,
			);
			name = InfoPlist.strings;
			sourceTree = "<group>";
		};
/* End PBXVariantGroup section */

/* Begin XCBuildConfiguration section */
		B6E457851B7C450500B3A020 /* Debug */ = {
			isa = XCBuildConfiguration;
			buildSettings = {
				ALWAYS_SEARCH_USER_PATHS = NO;
				CLANG_CXX_LANGUAGE_STANDARD = "gnu++0x";
				CLANG_CXX_LIBRARY = "libc++";
				CLANG_ENABLE_MODULES = YES;
				CLANG_ENABLE_OBJC_ARC = YES;
				CLANG_WARN_BOOL_CONVERSION = YES;
				CLANG_WARN_CONSTANT_CONVERSION = YES;
				CLANG_WARN_DIRECT_OBJC_ISA_USAGE = YES_ERROR;
				CLANG_WARN_EMPTY_BODY = YES;
				CLANG_WARN_ENUM_CONVERSION = YES;
				CLANG_WARN_INT_CONVERSION = YES;
				CLANG_WARN_OBJC_ROOT_CLASS = YES_ERROR;
				CLANG_WARN__DUPLICATE_METHOD_MATCH = YES;
				"CODE_SIGN_IDENTITY[sdk=iphoneos*]" = "iPhone Developer";
				COPY_PHASE_STRIP = NO;
				GCC_C_LANGUAGE_STANDARD = gnu99;
				GCC_DYNAMIC_NO_PIC = NO;
				GCC_OPTIMIZATION_LEVEL = 0;
				GCC_PREPROCESSOR_DEFINITIONS = (
					"DEBUG=1",
					"$(inherited)",
				);
				GCC_SYMBOLS_PRIVATE_EXTERN = NO;
				GCC_WARN_64_TO_32_BIT_CONVERSION = YES;
				GCC_WARN_ABOUT_RETURN_TYPE = YES_ERROR;
				GCC_WARN_UNDECLARED_SELECTOR = YES;
				GCC_WARN_UNINITIALIZED_AUTOS = YES_AGGRESSIVE;
				GCC_WARN_UNUSED_FUNCTION = YES;
				GCC_WARN_UNUSED_VARIABLE = YES;
				IPHONEOS_DEPLOYMENT_TARGET = 7.1;
				ONLY_ACTIVE_ARCH = YES;
				SDKROOT = iphoneos;
			};
			name = Debug;
		};
		B6E457861B7C450500B3A020 /* Release */ = {
			isa = XCBuildConfiguration;
			buildSettings = {
				ALWAYS_SEARCH_USER_PATHS = NO;
				CLANG_CXX_LANGUAGE_STANDARD = "gnu++0x";
				CLANG_CXX_LIBRARY = "libc++";
				CLANG_ENABLE_MODULES = YES;
				CLANG_ENABLE_OBJC_ARC = YES;
				CLANG_WARN_BOOL_CONVERSION = YES;
				CLANG_WARN_CONSTANT_CONVERSION = YES;
				CLANG_WARN_DIRECT_OBJC_ISA_USAGE = YES_ERROR;
				CLANG_WARN_EMPTY_BODY = YES;
				CLANG_WARN_ENUM_CONVERSION = YES;
				CLANG_WARN_INT_CONVERSION = YES;
				CLANG_WARN_OBJC_ROOT_CLASS = YES_ERROR;
				CLANG_WARN__DUPLICATE_METHOD_MATCH = YES;
				"CODE_SIGN_IDENTITY[sdk=iphoneos*]" = "iPhone Developer";
				COPY_PHASE_STRIP = YES;
				ENABLE_NS_ASSERTIONS = NO;
				GCC_C_LANGUAGE_STANDARD = gnu99;
				GCC_WARN_64_TO_32_BIT_CONVERSION = YES;
				GCC_WARN_ABOUT_RETURN_TYPE = YES_ERROR;
				GCC_WARN_UNDECLARED_SELECTOR = YES;
				GCC_WARN_UNINITIALIZED_AUTOS = YES_AGGRESSIVE;
				GCC_WARN_UNUSED_FUNCTION = YES;
				GCC_WARN_UNUSED_VARIABLE = YES;
				IPHONEOS_DEPLOYMENT_TARGET = 7.1;
				SDKROOT = iphoneos;
				VALIDATE_PRODUCT = YES;
			};
			name = Release;
		};
		B6E457881B7C450500B3A020 /* Debug */ = {
			isa = XCBuildConfiguration;
			buildSettings = {
				ASSETCATALOG_COMPILER_APPICON_NAME = AppIcon;
				ASSETCATALOG_COMPILER_LAUNCHIMAGE_NAME = LaunchImage;
				GCC_PRECOMPILE_PREFIX_HEADER = YES;
				GCC_PREFIX_HEADER = "Quiz/Quiz-Prefix.pch";
				INFOPLIST_FILE = "Quiz/Quiz-Info.plist";
				PRODUCT_NAME = "$(TARGET_NAME)";
				WRAPPER_EXTENSION = app;
			};
			name = Debug;
		};
		B6E457891B7C450500B3A020 /* Release */ = {
			isa = XCBuildConfiguration;
			buildSettings = {
				ASSETCATALOG_COMPILER_APPICON_NAME = AppIcon;
				ASSETCATALOG_COMPILER_LAUNCHIMAGE_NAME = LaunchImage;
				GCC_PRECOMPILE_PREFIX_HEADER = YES;
				GCC_PREFIX_HEADER = "Quiz/Quiz-Prefix.pch";
				INFOPLIST_FILE = "Quiz/Quiz-Info.plist";
				PRODUCT_NAME = "$(TARGET_NAME)";
				WRAPPER_EXTENSION = app;
			};
			name = Release;
		};
		B6E4578B1B7C450500B3A020 /* Debug */ = {
			isa = XCBuildConfiguration;
			buildSettings = {
				BUNDLE_LOADER = "$(BUILT_PRODUCTS_DIR)/Quiz.app/Quiz";
				FRAMEWORK_SEARCH_PATHS = (
					"$(SDKROOT)/Developer/Library/Frameworks",
					"$(inherited)",
					"$(DEVELOPER_FRAMEWORKS_DIR)",
				);
				GCC_PRECOMPILE_PREFIX_HEADER = YES;
				GCC_PREFIX_HEADER = "Quiz/Quiz-Prefix.pch";
				GCC_PREPROCESSOR_DEFINITIONS = (
					"DEBUG=1",
					"$(inherited)",
				);
				INFOPLIST_FILE = "QuizTests/QuizTests-Info.plist";
				PRODUCT_NAME = "$(TARGET_NAME)";
				TEST_HOST = "$(BUNDLE_LOADER)";
				WRAPPER_EXTENSION = xctest;
			};
			name = Debug;
		};
		B6E4578C1B7C450500B3A020 /* Release */ = {
			isa = XCBuildConfiguration;
			buildSettings = {
				BUNDLE_LOADER = "$(BUILT_PRODUCTS_DIR)/Quiz.app/Quiz";
				FRAMEWORK_SEARCH_PATHS = (
					"$(SDKROOT)/Developer/Library/Frameworks",
					"$(inherited)",
					"$(DEVELOPER_FRAMEWORKS_DIR)",
				);
				GCC_PRECOMPILE_PREFIX_HEADER = YES;
				GCC_PREFIX_HEADER = "Quiz/Quiz-Prefix.pch";
				INFOPLIST_FILE = "QuizTests/QuizTests-Info.plist";
				PRODUCT_NAME = "$(TARGET_NAME)";
				TEST_HOST = "$(BUNDLE_LOADER)";
				WRAPPER_EXTENSION = xctest;
			};
			name = Release;
		};
/* End XCBuildConfiguration section */

/* Begin XCConfigurationList section */
		B6E457561B7C450500B3A020 /* Build configuration list for PBXProject "Quiz" */ = {
			isa = XCConfigurationList;
			buildConfigurations = (
				B6E457851B7C450500B3A020 /* Debug */,
				B6E457861B7C450500B3A020 /* Release */,
			);
			defaultConfigurationIsVisible = 0;
			defaultConfigurationName = Release;
		};
		B6E457871B7C450500B3A020 /* Build configuration list for PBXNativeTarget "Quiz" */ = {
			isa = XCConfigurationList;
			buildConfigurations = (
				B6E457881B7C450500B3A020 /* Debug */,
				B6E457891B7C450500B3A020 /* Release */,
			);
			defaultConfigurationIsVisible = 0;
		};
		B6E4578A1B7C450500B3A020 /* Build configuration list for PBXNativeTarget "QuizTests" */ = {
			isa = XCConfigurationList;
			buildConfigurations = (
				B6E4578B1B7C450500B3A020 /* Debug */,
				B6E4578C1B7C450500B3A020 /* Release */,
			);
			defaultConfigurationIsVisible = 0;
		};
/* End XCConfigurationList section */
	};
	rootObject = B6E457531B7C450500B3A020 /* Project object */;
}
